[Ilwis]
Description=
Time=1181039432
Version=3.1
Class=Foreign Collection
Type=ObjectCollection
[ObjectCollection]
Type=Foreign Collection
NrObjects=62
Object0=lis4sub__1.mpr
Object1=lis4sub.grf
Object2=lis4sub__2.mpr
Object3=lis4sub__3.mpr
Object4=lis4sub.mpl
Object5=lis4sub__1.his
Object6=lis4sub__2.his
Object7=lis4sub__3.his
Object8=lis4sub2_1.mpr
Object9=lis4sub2_2.mpr
Object10=lis4sub2_3.mpr
Object11=lis4sub2_1.his
Object12=lis4sub2_3.his
Object13=lis4sub2_2.his
Object14=Str_band1.mpr
Object15=Str_band1.his
Object16=histo_eq.mpr
Object17=histo_eq.his
Object18=Average_b1.mpr
Object19=Average_b1.his
Object20=ave5_b1.mpr
Object21=ave5_b1.his
Object22=Lap_band1.mpr
Object23=LaB_BAN1N.mpr
Object24=LaB_BAN1N.his
Object25=eDGE_B1.mpr
Object26=eDGE_B1.his
Object27=DIFF_B1.mpr
Object28=DIFF_B1.his
Object29='$tmcalc'.mpr
Object30=RVI.mpr
Object31=NDVI.mpr
Object32=NDVI.his
Object33=rvin.mpr
Object34=rvin.his
Object35=rvin1.mpr
Object36=rvin1.his
Object37=asasasd.mpr
Object38=asasasd.his
Object39=rvi1.mpr
Object40=rvi1.his
Object41=unsup_lis4.mpr
Object42=unsuplis4__1.tbt
Object43=unsup10.mpr
Object44=unsup10__1.tbt
Object45=LIS4_geo_1.mpr
Object46=LIS4_geo_2.mpr
Object47=LIS4_geo_3.mpr
Object48=LIS4_geo_1.his
Object49=LIS4_geo_3.his
Object50=LIS4_geo_2.his
Object51=band1_lin.mpr
Object52=band1_lin.his
Object53=lis4d2fy.mpr
Object54=lis4d2fy.his
Object55=lis4_rvi.mpr
Object56=lis4_ndvi.mpr
Object57=lis4_ndvi.his
Object58=lis4un10.mpr
Object59=lis4un10__1.tbt
Object60=lis4un5.mpr
Object61=lis4un5__1.tbt
